
Microsoft Visual Studio Solution File, Format Version 12.00
# Visual Studio Version 17
VisualStudioVersion = 17.13.35931.197 d17.13
MinimumVisualStudioVersion = 10.0.40219.1
Project("{8BC9CEB8-8B4A-11D0-8D11-00A0C91BC942}") = "LeetCode13", "LeetCode13\LeetCode13.vcxproj", "{A714D716-41F3-4D45-9137-7727B367B746}"
EndProject
Global
	GlobalSection(SolutionConfigurationPlatforms) = preSolution
		Debug|x64 = Debug|x64
		Debug|x86 = Debug|x86
		Release|x64 = Release|x64
		Release|x86 = Release|x86
	EndGlobalSection
	GlobalSection(ProjectConfigurationPlatforms) = postSolution
		{A714D716-41F3-4D45-9137-7727B367B746}.Debug|x64.ActiveCfg = Debug|x64
		{A714D716-41F3-4D45-9137-7727B367B746}.Debug|x64.Build.0 = Debug|x64
		{A714D716-41F3-4D45-9137-7727B367B746}.Debug|x86.ActiveCfg = Debug|Win32
		{A714D716-41F3-4D45-9137-7727B367B746}.Debug|x86.Build.0 = Debug|Win32
		{A714D716-41F3-4D45-9137-7727B367B746}.Release|x64.ActiveCfg = Release|x64
		{A714D716-41F3-4D45-9137-7727B367B746}.Release|x64.Build.0 = Release|x64
		{A714D716-41F3-4D45-9137-7727B367B746}.Release|x86.ActiveCfg = Release|Win32
		{A714D716-41F3-4D45-9137-7727B367B746}.Release|x86.Build.0 = Release|Win32
	EndGlobalSection
	GlobalSection(SolutionProperties) = preSolution
		HideSolutionNode = FALSE
	EndGlobalSection
	GlobalSection(ExtensibilityGlobals) = postSolution
		SolutionGuid = {26E67C92-C13A-4AED-8D9B-6E4DA7BC5515}
	EndGlobalSection
EndGlobal
