
Microsoft Visual Studio Solution File, Format Version 12.00
# Visual Studio Version 17
VisualStudioVersion = 17.14.36408.4 d17.14
MinimumVisualStudioVersion = 10.0.40219.1
Project("{8BC9CEB8-8B4A-11D0-8D11-00A0C91BC942}") = "LeetCode37", "LeetCode37.vcxproj", "{CD2C3A56-8EC5-411D-AC76-4E31E7187C54}"
EndProject
Global
	GlobalSection(SolutionConfigurationPlatforms) = preSolution
		Debug|x64 = Debug|x64
		Debug|x86 = Debug|x86
		Release|x64 = Release|x64
		Release|x86 = Release|x86
	EndGlobalSection
	GlobalSection(ProjectConfigurationPlatforms) = postSolution
		{CD2C3A56-8EC5-411D-AC76-4E31E7187C54}.Debug|x64.ActiveCfg = Debug|x64
		{CD2C3A56-8EC5-411D-AC76-4E31E7187C54}.Debug|x64.Build.0 = Debug|x64
		{CD2C3A56-8EC5-411D-AC76-4E31E7187C54}.Debug|x86.ActiveCfg = Debug|Win32
		{CD2C3A56-8EC5-411D-AC76-4E31E7187C54}.Debug|x86.Build.0 = Debug|Win32
		{CD2C3A56-8EC5-411D-AC76-4E31E7187C54}.Release|x64.ActiveCfg = Release|x64
		{CD2C3A56-8EC5-411D-AC76-4E31E7187C54}.Release|x64.Build.0 = Release|x64
		{CD2C3A56-8EC5-411D-AC76-4E31E7187C54}.Release|x86.ActiveCfg = Release|Win32
		{CD2C3A56-8EC5-411D-AC76-4E31E7187C54}.Release|x86.Build.0 = Release|Win32
	EndGlobalSection
	GlobalSection(SolutionProperties) = preSolution
		HideSolutionNode = FALSE
	EndGlobalSection
	GlobalSection(ExtensibilityGlobals) = postSolution
		SolutionGuid = {92921F96-3CC0-4F3D-BDE2-98CFA25556D3}
	EndGlobalSection
EndGlobal
