
Microsoft Visual Studio Solution File, Format Version 12.00
# Visual Studio Version 17
VisualStudioVersion = 17.13.36105.23 d17.13
MinimumVisualStudioVersion = 10.0.40219.1
Project("{8BC9CEB8-8B4A-11D0-8D11-00A0C91BC942}") = "LeetCode20", "LeetCode20.vcxproj", "{2BDC4BCE-43C5-4AE5-B98B-CD3649563F0A}"
EndProject
Global
	GlobalSection(SolutionConfigurationPlatforms) = preSolution
		Debug|x64 = Debug|x64
		Debug|x86 = Debug|x86
		Release|x64 = Release|x64
		Release|x86 = Release|x86
	EndGlobalSection
	GlobalSection(ProjectConfigurationPlatforms) = postSolution
		{2BDC4BCE-43C5-4AE5-B98B-CD3649563F0A}.Debug|x64.ActiveCfg = Debug|x64
		{2BDC4BCE-43C5-4AE5-B98B-CD3649563F0A}.Debug|x64.Build.0 = Debug|x64
		{2BDC4BCE-43C5-4AE5-B98B-CD3649563F0A}.Debug|x86.ActiveCfg = Debug|Win32
		{2BDC4BCE-43C5-4AE5-B98B-CD3649563F0A}.Debug|x86.Build.0 = Debug|Win32
		{2BDC4BCE-43C5-4AE5-B98B-CD3649563F0A}.Release|x64.ActiveCfg = Release|x64
		{2BDC4BCE-43C5-4AE5-B98B-CD3649563F0A}.Release|x64.Build.0 = Release|x64
		{2BDC4BCE-43C5-4AE5-B98B-CD3649563F0A}.Release|x86.ActiveCfg = Release|Win32
		{2BDC4BCE-43C5-4AE5-B98B-CD3649563F0A}.Release|x86.Build.0 = Release|Win32
	EndGlobalSection
	GlobalSection(SolutionProperties) = preSolution
		HideSolutionNode = FALSE
	EndGlobalSection
	GlobalSection(ExtensibilityGlobals) = postSolution
		SolutionGuid = {391D3D11-598E-49E7-857D-FA166077C4A2}
	EndGlobalSection
EndGlobal
