
Microsoft Visual Studio Solution File, Format Version 12.00
# Visual Studio Version 17
VisualStudioVersion = 17.13.35818.85 d17.13
MinimumVisualStudioVersion = 10.0.40219.1
Project("{8BC9CEB8-8B4A-11D0-8D11-00A0C91BC942}") = "PreparationDay03", "PreparationDay03\PreparationDay03.vcxproj", "{CEDE6AA7-BF75-4174-A127-20F251496BDC}"
EndProject
Global
	GlobalSection(SolutionConfigurationPlatforms) = preSolution
		Debug|x64 = Debug|x64
		Debug|x86 = Debug|x86
		Release|x64 = Release|x64
		Release|x86 = Release|x86
	EndGlobalSection
	GlobalSection(ProjectConfigurationPlatforms) = postSolution
		{CEDE6AA7-BF75-4174-A127-20F251496BDC}.Debug|x64.ActiveCfg = Debug|x64
		{CEDE6AA7-BF75-4174-A127-20F251496BDC}.Debug|x64.Build.0 = Debug|x64
		{CEDE6AA7-BF75-4174-A127-20F251496BDC}.Debug|x86.ActiveCfg = Debug|Win32
		{CEDE6AA7-BF75-4174-A127-20F251496BDC}.Debug|x86.Build.0 = Debug|Win32
		{CEDE6AA7-BF75-4174-A127-20F251496BDC}.Release|x64.ActiveCfg = Release|x64
		{CEDE6AA7-BF75-4174-A127-20F251496BDC}.Release|x64.Build.0 = Release|x64
		{CEDE6AA7-BF75-4174-A127-20F251496BDC}.Release|x86.ActiveCfg = Release|Win32
		{CEDE6AA7-BF75-4174-A127-20F251496BDC}.Release|x86.Build.0 = Release|Win32
	EndGlobalSection
	GlobalSection(SolutionProperties) = preSolution
		HideSolutionNode = FALSE
	EndGlobalSection
	GlobalSection(ExtensibilityGlobals) = postSolution
		SolutionGuid = {506395DF-C431-44FC-B6FE-CDCDD7AF8949}
	EndGlobalSection
EndGlobal
